// !$*UTF8*$!
{
	archiveVersion = 1;
	classes = {
	};
	objectVersion = 52;
	objects = {

/* Begin PBXBuildFile section */
		E824B86026B52831008B8B83 /* chatting3App.swift in Sources */ = {isa = PBXBuildFile; fileRef = E824B85F26B52831008B8B83 /* chatting3App.swift */; };
		E824B86226B52831008B8B83 /* ContentView.swift in Sources */ = {isa = PBXBuildFile; fileRef = E824B86126B52831008B8B83 /* ContentView.swift */; };
		E824B86426B52833008B8B83 /* Assets.xcassets in Resources */ = {isa = PBXBuildFile; fileRef = E824B86326B52833008B8B83 /* Assets.xcassets */; };
		E824B86726B52833008B8B83 /* Preview Assets.xcassets in Resources */ = {isa = PBXBuildFile; fileRef = E824B86626B52833008B8B83 /* Preview Assets.xcassets */; };
		E824B86F26B52918008B8B83 /* GoogleService-Info.plist in Resources */ = {isa = PBXBuildFile; fileRef = E824B86E26B52918008B8B83 /* GoogleService-Info.plist */; };
		E824B89E26B52B96008B8B83 /* Home.swift in Sources */ = {isa = PBXBuildFile; fileRef = E824B89D26B52B96008B8B83 /* Home.swift */; };
		E824B8A026B52CFB008B8B83 /* HomeModel.swift in Sources */ = {isa = PBXBuildFile; fileRef = E824B89F26B52CFB008B8B83 /* HomeModel.swift */; };
		E824B8A226B52D2A008B8B83 /* MsgModel.swift in Sources */ = {isa = PBXBuildFile; fileRef = E824B8A126B52D2A008B8B83 /* MsgModel.swift */; };
		E824B8A426B5307B008B8B83 /* ChatRow.swift in Sources */ = {isa = PBXBuildFile; fileRef = E824B8A326B5307B008B8B83 /* ChatRow.swift */; };
		E824B8A726B5346E008B8B83 /* ChatBubble.swift in Sources */ = {isa = PBXBuildFile; fileRef = E824B8A626B5346E008B8B83 /* ChatBubble.swift */; };
		E824B8AA26B53B67008B8B83 /* FirebaseAppDistribution-Beta in Frameworks */ = {isa = PBXBuildFile; productRef = E824B8A926B53B67008B8B83 /* FirebaseAppDistribution-Beta */; };
		E824B8AC26B53B67008B8B83 /* FirebaseInAppMessaging-Beta in Frameworks */ = {isa = PBXBuildFile; productRef = E824B8AB26B53B67008B8B83 /* FirebaseInAppMessaging-Beta */; };
		E824B8AE26B53B67008B8B83 /* FirebaseAnalyticsSwift-Beta in Frameworks */ = {isa = PBXBuildFile; productRef = E824B8AD26B53B67008B8B83 /* FirebaseAnalyticsSwift-Beta */; };
		E824B8B026B53B67008B8B83 /* FirebaseAnalyticsWithoutAdIdSupport in Frameworks */ = {isa = PBXBuildFile; productRef = E824B8AF26B53B67008B8B83 /* FirebaseAnalyticsWithoutAdIdSupport */; };
		E824B8B226B53B67008B8B83 /* FirebaseFirestore in Frameworks */ = {isa = PBXBuildFile; productRef = E824B8B126B53B67008B8B83 /* FirebaseFirestore */; };
		E824B8B426B53B67008B8B83 /* FirebaseInstallations in Frameworks */ = {isa = PBXBuildFile; productRef = E824B8B326B53B67008B8B83 /* FirebaseInstallations */; };
		E824B8B626B53B67008B8B83 /* FirebaseDatabase in Frameworks */ = {isa = PBXBuildFile; productRef = E824B8B526B53B67008B8B83 /* FirebaseDatabase */; };
		E824B8B826B53B67008B8B83 /* FirebaseFirestoreSwift-Beta in Frameworks */ = {isa = PBXBuildFile; productRef = E824B8B726B53B67008B8B83 /* FirebaseFirestoreSwift-Beta */; };
		E824B8BA26B53B67008B8B83 /* FirebaseAnalytics in Frameworks */ = {isa = PBXBuildFile; productRef = E824B8B926B53B67008B8B83 /* FirebaseAnalytics */; };
		E824B8BC26B53B67008B8B83 /* FirebaseRemoteConfig in Frameworks */ = {isa = PBXBuildFile; productRef = E824B8BB26B53B67008B8B83 /* FirebaseRemoteConfig */; };
		E824B8BE26B53B67008B8B83 /* FirebaseAppCheck in Frameworks */ = {isa = PBXBuildFile; productRef = E824B8BD26B53B67008B8B83 /* FirebaseAppCheck */; };
		E824B8C026B53B67008B8B83 /* FirebaseStorageSwift-Beta in Frameworks */ = {isa = PBXBuildFile; productRef = E824B8BF26B53B67008B8B83 /* FirebaseStorageSwift-Beta */; };
		E824B8C226B53B67008B8B83 /* FirebaseAuth in Frameworks */ = {isa = PBXBuildFile; productRef = E824B8C126B53B67008B8B83 /* FirebaseAuth */; };
		E824B8C426B53B67008B8B83 /* FirebaseInAppMessagingSwift-Beta in Frameworks */ = {isa = PBXBuildFile; productRef = E824B8C326B53B67008B8B83 /* FirebaseInAppMessagingSwift-Beta */; };
		E824B8C626B53B67008B8B83 /* FirebaseDatabaseSwift-Beta in Frameworks */ = {isa = PBXBuildFile; productRef = E824B8C526B53B67008B8B83 /* FirebaseDatabaseSwift-Beta */; };
		E824B8C826B53B67008B8B83 /* FirebaseMLModelDownloader in Frameworks */ = {isa = PBXBuildFile; productRef = E824B8C726B53B67008B8B83 /* FirebaseMLModelDownloader */; };
		E824B8CA26B53B67008B8B83 /* FirebaseMessaging in Frameworks */ = {isa = PBXBuildFile; productRef = E824B8C926B53B67008B8B83 /* FirebaseMessaging */; };
		E824B8CC26B53B67008B8B83 /* FirebaseCrashlytics in Frameworks */ = {isa = PBXBuildFile; productRef = E824B8CB26B53B67008B8B83 /* FirebaseCrashlytics */; };
		E824B8CE26B53B67008B8B83 /* FirebaseStorage in Frameworks */ = {isa = PBXBuildFile; productRef = E824B8CD26B53B67008B8B83 /* FirebaseStorage */; };
		E824B8D026B53B67008B8B83 /* FirebaseDynamicLinks in Frameworks */ = {isa = PBXBuildFile; productRef = E824B8CF26B53B67008B8B83 /* FirebaseDynamicLinks */; };
		E824B8D226B53B67008B8B83 /* FirebaseFunctions in Frameworks */ = {isa = PBXBuildFile; productRef = E824B8D126B53B67008B8B83 /* FirebaseFunctions */; };
/* End PBXBuildFile section */

/* Begin PBXFileReference section */
		E824B85C26B52831008B8B83 /* chatting3.app */ = {isa = PBXFileReference; explicitFileType = wrapper.application; includeInIndex = 0; path = chatting3.app; sourceTree = BUILT_PRODUCTS_DIR; };
		E824B85F26B52831008B8B83 /* chatting3App.swift */ = {isa = PBXFileReference; lastKnownFileType = sourcecode.swift; path = chatting3App.swift; sourceTree = "<group>"; };
		E824B86126B52831008B8B83 /* ContentView.swift */ = {isa = PBXFileReference; lastKnownFileType = sourcecode.swift; path = ContentView.swift; sourceTree = "<group>"; };
		E824B86326B52833008B8B83 /* Assets.xcassets */ = {isa = PBXFileReference; lastKnownFileType = folder.assetcatalog; path = Assets.xcassets; sourceTree = "<group>"; };
		E824B86626B52833008B8B83 /* Preview Assets.xcassets */ = {isa = PBXFileReference; lastKnownFileType = folder.assetcatalog; path = "Preview Assets.xcassets"; sourceTree = "<group>"; };
		E824B86826B52833008B8B83 /* Info.plist */ = {isa = PBXFileReference; lastKnownFileType = text.plist.xml; path = Info.plist; sourceTree = "<group>"; };
		E824B86E26B52918008B8B83 /* GoogleService-Info.plist */ = {isa = PBXFileReference; fileEncoding = 4; lastKnownFileType = text.plist.xml; path = "GoogleService-Info.plist"; sourceTree = "<group>"; };
		E824B89D26B52B96008B8B83 /* Home.swift */ = {isa = PBXFileReference; lastKnownFileType = sourcecode.swift; path = Home.swift; sourceTree = "<group>"; };
		E824B89F26B52CFB008B8B83 /* HomeModel.swift */ = {isa = PBXFileReference; lastKnownFileType = sourcecode.swift; path = HomeModel.swift; sourceTree = "<group>"; };
		E824B8A126B52D2A008B8B83 /* MsgModel.swift */ = {isa = PBXFileReference; lastKnownFileType = sourcecode.swift; path = MsgModel.swift; sourceTree = "<group>"; };
		E824B8A326B5307B008B8B83 /* ChatRow.swift */ = {isa = PBXFileReference; lastKnownFileType = sourcecode.swift; path = ChatRow.swift; sourceTree = "<group>"; };
		E824B8A626B5346E008B8B83 /* ChatBubble.swift */ = {isa = PBXFileReference; lastKnownFileType = sourcecode.swift; path = ChatBubble.swift; sourceTree = "<group>"; };
/* End PBXFileReference section */

/* Begin PBXFrameworksBuildPhase section */
		E824B85926B52831008B8B83 /* Frameworks */ = {
			isa = PBXFrameworksBuildPhase;
			buildActionMask = 2147483647;
			files = (
				E824B8C626B53B67008B8B83 /* FirebaseDatabaseSwift-Beta in Frameworks */,
				E824B8AE26B53B67008B8B83 /* FirebaseAnalyticsSwift-Beta in Frameworks */,
				E824B8AA26B53B67008B8B83 /* FirebaseAppDistribution-Beta in Frameworks */,
				E824B8C826B53B67008B8B83 /* FirebaseMLModelDownloader in Frameworks */,
				E824B8C426B53B67008B8B83 /* FirebaseInAppMessagingSwift-Beta in Frameworks */,
				E824B8AC26B53B67008B8B83 /* FirebaseInAppMessaging-Beta in Frameworks */,
				E824B8B426B53B67008B8B83 /* FirebaseInstallations in Frameworks */,
				E824B8B226B53B67008B8B83 /* FirebaseFirestore in Frameworks */,
				E824B8C026B53B67008B8B83 /* FirebaseStorageSwift-Beta in Frameworks */,
				E824B8CE26B53B67008B8B83 /* FirebaseStorage in Frameworks */,
				E824B8CA26B53B67008B8B83 /* FirebaseMessaging in Frameworks */,
				E824B8B826B53B67008B8B83 /* FirebaseFirestoreSwift-Beta in Frameworks */,
				E824B8B626B53B67008B8B83 /* FirebaseDatabase in Frameworks */,
				E824B8B026B53B67008B8B83 /* FirebaseAnalyticsWithoutAdIdSupport in Frameworks */,
				E824B8BA26B53B67008B8B83 /* FirebaseAnalytics in Frameworks */,
				E824B8D226B53B67008B8B83 /* FirebaseFunctions in Frameworks */,
				E824B8C226B53B67008B8B83 /* FirebaseAuth in Frameworks */,
				E824B8CC26B53B67008B8B83 /* FirebaseCrashlytics in Frameworks */,
				E824B8BC26B53B67008B8B83 /* FirebaseRemoteConfig in Frameworks */,
				E824B8BE26B53B67008B8B83 /* FirebaseAppCheck in Frameworks */,
				E824B8D026B53B67008B8B83 /* FirebaseDynamicLinks in Frameworks */,
			);
			runOnlyForDeploymentPostprocessing = 0;
		};
/* End PBXFrameworksBuildPhase section */

/* Begin PBXGroup section */
		E824B85326B52831008B8B83 = {
			isa = PBXGroup;
			children = (
				E824B85E26B52831008B8B83 /* chatting3 */,
				E824B85D26B52831008B8B83 /* Products */,
			);
			sourceTree = "<group>";
		};
		E824B85D26B52831008B8B83 /* Products */ = {
			isa = PBXGroup;
			children = (
				E824B85C26B52831008B8B83 /* chatting3.app */,
			);
			name = Products;
			sourceTree = "<group>";
		};
		E824B85E26B52831008B8B83 /* chatting3 */ = {
			isa = PBXGroup;
			children = (
				E824B89C26B52B7A008B8B83 /* Model */,
				E824B89B26B52B6D008B8B83 /* View */,
				E824B85F26B52831008B8B83 /* chatting3App.swift */,
				E824B86126B52831008B8B83 /* ContentView.swift */,
				E824B86326B52833008B8B83 /* Assets.xcassets */,
				E824B86826B52833008B8B83 /* Info.plist */,
				E824B86E26B52918008B8B83 /* GoogleService-Info.plist */,
				E824B86526B52833008B8B83 /* Preview Content */,
			);
			path = chatting3;
			sourceTree = "<group>";
		};
		E824B86526B52833008B8B83 /* Preview Content */ = {
			isa = PBXGroup;
			children = (
				E824B86626B52833008B8B83 /* Preview Assets.xcassets */,
			);
			path = "Preview Content";
			sourceTree = "<group>";
		};
		E824B89B26B52B6D008B8B83 /* View */ = {
			isa = PBXGroup;
			children = (
				E824B89D26B52B96008B8B83 /* Home.swift */,
				E824B8A326B5307B008B8B83 /* ChatRow.swift */,
				E824B8A626B5346E008B8B83 /* ChatBubble.swift */,
			);
			path = View;
			sourceTree = "<group>";
		};
		E824B89C26B52B7A008B8B83 /* Model */ = {
			isa = PBXGroup;
			children = (
				E824B89F26B52CFB008B8B83 /* HomeModel.swift */,
				E824B8A126B52D2A008B8B83 /* MsgModel.swift */,
			);
			path = Model;
			sourceTree = "<group>";
		};
/* End PBXGroup section */

/* Begin PBXNativeTarget section */
		E824B85B26B52831008B8B83 /* chatting3 */ = {
			isa = PBXNativeTarget;
			buildConfigurationList = E824B86B26B52833008B8B83 /* Build configuration list for PBXNativeTarget "chatting3" */;
			buildPhases = (
				E824B85826B52831008B8B83 /* Sources */,
				E824B85926B52831008B8B83 /* Frameworks */,
				E824B85A26B52831008B8B83 /* Resources */,
			);
			buildRules = (
			);
			dependencies = (
			);
			name = chatting3;
			packageProductDependencies = (
				E824B8A926B53B67008B8B83 /* FirebaseAppDistribution-Beta */,
				E824B8AB26B53B67008B8B83 /* FirebaseInAppMessaging-Beta */,
				E824B8AD26B53B67008B8B83 /* FirebaseAnalyticsSwift-Beta */,
				E824B8AF26B53B67008B8B83 /* FirebaseAnalyticsWithoutAdIdSupport */,
				E824B8B126B53B67008B8B83 /* FirebaseFirestore */,
				E824B8B326B53B67008B8B83 /* FirebaseInstallations */,
				E824B8B526B53B67008B8B83 /* FirebaseDatabase */,
				E824B8B726B53B67008B8B83 /* FirebaseFirestoreSwift-Beta */,
				E824B8B926B53B67008B8B83 /* FirebaseAnalytics */,
				E824B8BB26B53B67008B8B83 /* FirebaseRemoteConfig */,
				E824B8BD26B53B67008B8B83 /* FirebaseAppCheck */,
				E824B8BF26B53B67008B8B83 /* FirebaseStorageSwift-Beta */,
				E824B8C126B53B67008B8B83 /* FirebaseAuth */,
				E824B8C326B53B67008B8B83 /* FirebaseInAppMessagingSwift-Beta */,
				E824B8C526B53B67008B8B83 /* FirebaseDatabaseSwift-Beta */,
				E824B8C726B53B67008B8B83 /* FirebaseMLModelDownloader */,
				E824B8C926B53B67008B8B83 /* FirebaseMessaging */,
				E824B8CB26B53B67008B8B83 /* FirebaseCrashlytics */,
				E824B8CD26B53B67008B8B83 /* FirebaseStorage */,
				E824B8CF26B53B67008B8B83 /* FirebaseDynamicLinks */,
				E824B8D126B53B67008B8B83 /* FirebaseFunctions */,
			);
			productName = chatting3;
			productReference = E824B85C26B52831008B8B83 /* chatting3.app */;
			productType = "com.apple.product-type.application";
		};
/* End PBXNativeTarget section */

/* Begin PBXProject section */
		E824B85426B52831008B8B83 /* Project object */ = {
			isa = PBXProject;
			attributes = {
				LastSwiftUpdateCheck = 1250;
				LastUpgradeCheck = 1250;
				TargetAttributes = {
					E824B85B26B52831008B8B83 = {
						CreatedOnToolsVersion = 12.5.1;
					};
				};
			};
			buildConfigurationList = E824B85726B52831008B8B83 /* Build configuration list for PBXProject "chatting3" */;
			compatibilityVersion = "Xcode 9.3";
			developmentRegion = en;
			hasScannedForEncodings = 0;
			knownRegions = (
				en,
				Base,
			);
			mainGroup = E824B85326B52831008B8B83;
			packageReferences = (
				E824B8A826B53B67008B8B83 /* XCRemoteSwiftPackageReference "firebase-ios-sdk" */,
			);
			productRefGroup = E824B85D26B52831008B8B83 /* Products */;
			projectDirPath = "";
			projectRoot = "";
			targets = (
				E824B85B26B52831008B8B83 /* chatting3 */,
			);
		};
/* End PBXProject section */

/* Begin PBXResourcesBuildPhase section */
		E824B85A26B52831008B8B83 /* Resources */ = {
			isa = PBXResourcesBuildPhase;
			buildActionMask = 2147483647;
			files = (
				E824B86726B52833008B8B83 /* Preview Assets.xcassets in Resources */,
				E824B86426B52833008B8B83 /* Assets.xcassets in Resources */,
				E824B86F26B52918008B8B83 /* GoogleService-Info.plist in Resources */,
			);
			runOnlyForDeploymentPostprocessing = 0;
		};
/* End PBXResourcesBuildPhase section */

/* Begin PBXSourcesBuildPhase section */
		E824B85826B52831008B8B83 /* Sources */ = {
			isa = PBXSourcesBuildPhase;
			buildActionMask = 2147483647;
			files = (
				E824B8A026B52CFB008B8B83 /* HomeModel.swift in Sources */,
				E824B8A226B52D2A008B8B83 /* MsgModel.swift in Sources */,
				E824B86226B52831008B8B83 /* ContentView.swift in Sources */,
				E824B89E26B52B96008B8B83 /* Home.swift in Sources */,
				E824B8A426B5307B008B8B83 /* ChatRow.swift in Sources */,
				E824B86026B52831008B8B83 /* chatting3App.swift in Sources */,
				E824B8A726B5346E008B8B83 /* ChatBubble.swift in Sources */,
			);
			runOnlyForDeploymentPostprocessing = 0;
		};
/* End PBXSourcesBuildPhase section */

/* Begin XCBuildConfiguration section */
		E824B86926B52833008B8B83 /* Debug */ = {
			isa = XCBuildConfiguration;
			buildSettings = {
				ALWAYS_SEARCH_USER_PATHS = NO;
				CLANG_ANALYZER_NONNULL = YES;
				CLANG_ANALYZER_NUMBER_OBJECT_CONVERSION = YES_AGGRESSIVE;
				CLANG_CXX_LANGUAGE_STANDARD = "gnu++14";
				CLANG_CXX_LIBRARY = "libc++";
				CLANG_ENABLE_MODULES = YES;
				CLANG_ENABLE_OBJC_ARC = YES;
				CLANG_ENABLE_OBJC_WEAK = YES;
				CLANG_WARN_BLOCK_CAPTURE_AUTORELEASING = YES;
				CLANG_WARN_BOOL_CONVERSION = YES;
				CLANG_WARN_COMMA = YES;
				CLANG_WARN_CONSTANT_CONVERSION = YES;
				CLANG_WARN_DEPRECATED_OBJC_IMPLEMENTATIONS = YES;
				CLANG_WARN_DIRECT_OBJC_ISA_USAGE = YES_ERROR;
				CLANG_WARN_DOCUMENTATION_COMMENTS = YES;
				CLANG_WARN_EMPTY_BODY = YES;
				CLANG_WARN_ENUM_CONVERSION = YES;
				CLANG_WARN_INFINITE_RECURSION = YES;
				CLANG_WARN_INT_CONVERSION = YES;
				CLANG_WARN_NON_LITERAL_NULL_CONVERSION = YES;
				CLANG_WARN_OBJC_IMPLICIT_RETAIN_SELF = YES;
				CLANG_WARN_OBJC_LITERAL_CONVERSION = YES;
				CLANG_WARN_OBJC_ROOT_CLASS = YES_ERROR;
				CLANG_WARN_QUOTED_INCLUDE_IN_FRAMEWORK_HEADER = YES;
				CLANG_WARN_RANGE_LOOP_ANALYSIS = YES;
				CLANG_WARN_STRICT_PROTOTYPES = YES;
				CLANG_WARN_SUSPICIOUS_MOVE = YES;
				CLANG_WARN_UNGUARDED_AVAILABILITY = YES_AGGRESSIVE;
				CLANG_WARN_UNREACHABLE_CODE = YES;
				CLANG_WARN__DUPLICATE_METHOD_MATCH = YES;
				COPY_PHASE_STRIP = NO;
				DEBUG_INFORMATION_FORMAT = dwarf;
				ENABLE_STRICT_OBJC_MSGSEND = YES;
				ENABLE_TESTABILITY = YES;
				GCC_C_LANGUAGE_STANDARD = gnu11;
				GCC_DYNAMIC_NO_PIC = NO;
				GCC_NO_COMMON_BLOCKS = YES;
				GCC_OPTIMIZATION_LEVEL = 0;
				GCC_PREPROCESSOR_DEFINITIONS = (
					"DEBUG=1",
					"$(inherited)",
				);
				GCC_WARN_64_TO_32_BIT_CONVERSION = YES;
				GCC_WARN_ABOUT_RETURN_TYPE = YES_ERROR;
				GCC_WARN_UNDECLARED_SELECTOR = YES;
				GCC_WARN_UNINITIALIZED_AUTOS = YES_AGGRESSIVE;
				GCC_WARN_UNUSED_FUNCTION = YES;
				GCC_WARN_UNUSED_VARIABLE = YES;
				IPHONEOS_DEPLOYMENT_TARGET = 14.5;
				MTL_ENABLE_DEBUG_INFO = INCLUDE_SOURCE;
				MTL_FAST_MATH = YES;
				ONLY_ACTIVE_ARCH = YES;
				SDKROOT = iphoneos;
				SWIFT_ACTIVE_COMPILATION_CONDITIONS = DEBUG;
				SWIFT_OPTIMIZATION_LEVEL = "-Onone";
			};
			name = Debug;
		};
		E824B86A26B52833008B8B83 /* Release */ = {
			isa = XCBuildConfiguration;
			buildSettings = {
				ALWAYS_SEARCH_USER_PATHS = NO;
				CLANG_ANALYZER_NONNULL = YES;
				CLANG_ANALYZER_NUMBER_OBJECT_CONVERSION = YES_AGGRESSIVE;
				CLANG_CXX_LANGUAGE_STANDARD = "gnu++14";
				CLANG_CXX_LIBRARY = "libc++";
				CLANG_ENABLE_MODULES = YES;
				CLANG_ENABLE_OBJC_ARC = YES;
				CLANG_ENABLE_OBJC_WEAK = YES;
				CLANG_WARN_BLOCK_CAPTURE_AUTORELEASING = YES;
				CLANG_WARN_BOOL_CONVERSION = YES;
				CLANG_WARN_COMMA = YES;
				CLANG_WARN_CONSTANT_CONVERSION = YES;
				CLANG_WARN_DEPRECATED_OBJC_IMPLEMENTATIONS = YES;
				CLANG_WARN_DIRECT_OBJC_ISA_USAGE = YES_ERROR;
				CLANG_WARN_DOCUMENTATION_COMMENTS = YES;
				CLANG_WARN_EMPTY_BODY = YES;
				CLANG_WARN_ENUM_CONVERSION = YES;
				CLANG_WARN_INFINITE_RECURSION = YES;
				CLANG_WARN_INT_CONVERSION = YES;
				CLANG_WARN_NON_LITERAL_NULL_CONVERSION = YES;
				CLANG_WARN_OBJC_IMPLICIT_RETAIN_SELF = YES;
				CLANG_WARN_OBJC_LITERAL_CONVERSION = YES;
				CLANG_WARN_OBJC_ROOT_CLASS = YES_ERROR;
				CLANG_WARN_QUOTED_INCLUDE_IN_FRAMEWORK_HEADER = YES;
				CLANG_WARN_RANGE_LOOP_ANALYSIS = YES;
				CLANG_WARN_STRICT_PROTOTYPES = YES;
				CLANG_WARN_SUSPICIOUS_MOVE = YES;
				CLANG_WARN_UNGUARDED_AVAILABILITY = YES_AGGRESSIVE;
				CLANG_WARN_UNREACHABLE_CODE = YES;
				CLANG_WARN__DUPLICATE_METHOD_MATCH = YES;
				COPY_PHASE_STRIP = NO;
				DEBUG_INFORMATION_FORMAT = "dwarf-with-dsym";
				ENABLE_NS_ASSERTIONS = NO;
				ENABLE_STRICT_OBJC_MSGSEND = YES;
				GCC_C_LANGUAGE_STANDARD = gnu11;
				GCC_NO_COMMON_BLOCKS = YES;
				GCC_WARN_64_TO_32_BIT_CONVERSION = YES;
				GCC_WARN_ABOUT_RETURN_TYPE = YES_ERROR;
				GCC_WARN_UNDECLARED_SELECTOR = YES;
				GCC_WARN_UNINITIALIZED_AUTOS = YES_AGGRESSIVE;
				GCC_WARN_UNUSED_FUNCTION = YES;
				GCC_WARN_UNUSED_VARIABLE = YES;
				IPHONEOS_DEPLOYMENT_TARGET = 14.5;
				MTL_ENABLE_DEBUG_INFO = NO;
				MTL_FAST_MATH = YES;
				SDKROOT = iphoneos;
				SWIFT_COMPILATION_MODE = wholemodule;
				SWIFT_OPTIMIZATION_LEVEL = "-O";
				VALIDATE_PRODUCT = YES;
			};
			name = Release;
		};
		E824B86C26B52833008B8B83 /* Debug */ = {
			isa = XCBuildConfiguration;
			buildSettings = {
				ASSETCATALOG_COMPILER_APPICON_NAME = AppIcon;
				ASSETCATALOG_COMPILER_GLOBAL_ACCENT_COLOR_NAME = AccentColor;
				CODE_SIGN_STYLE = Automatic;
				DEVELOPMENT_ASSET_PATHS = "\"chatting3/Preview Content\"";
				DEVELOPMENT_TEAM = BZVLN7W3QL;
				ENABLE_PREVIEWS = YES;
				INFOPLIST_FILE = chatting3/Info.plist;
				IPHONEOS_DEPLOYMENT_TARGET = 14.0;
				LD_RUNPATH_SEARCH_PATHS = (
					"$(inherited)",
					"@executable_path/Frameworks",
				);
				PRODUCT_BUNDLE_IDENTIFIER = "https---github.com-bosunKwak.chatting3";
				PRODUCT_NAME = "$(TARGET_NAME)";
				SWIFT_VERSION = 5.0;
				TARGETED_DEVICE_FAMILY = "1,2";
			};
			name = Debug;
		};
		E824B86D26B52833008B8B83 /* Release */ = {
			isa = XCBuildConfiguration;
			buildSettings = {
				ASSETCATALOG_COMPILER_APPICON_NAME = AppIcon;
				ASSETCATALOG_COMPILER_GLOBAL_ACCENT_COLOR_NAME = AccentColor;
				CODE_SIGN_STYLE = Automatic;
				DEVELOPMENT_ASSET_PATHS = "\"chatting3/Preview Content\"";
				DEVELOPMENT_TEAM = BZVLN7W3QL;
				ENABLE_PREVIEWS = YES;
				INFOPLIST_FILE = chatting3/Info.plist;
				IPHONEOS_DEPLOYMENT_TARGET = 14.0;
				LD_RUNPATH_SEARCH_PATHS = (
					"$(inherited)",
					"@executable_path/Frameworks",
				);
				PRODUCT_BUNDLE_IDENTIFIER = "https---github.com-bosunKwak.chatting3";
				PRODUCT_NAME = "$(TARGET_NAME)";
				SWIFT_VERSION = 5.0;
				TARGETED_DEVICE_FAMILY = "1,2";
			};
			name = Release;
		};
/* End XCBuildConfiguration section */

/* Begin XCConfigurationList section */
		E824B85726B52831008B8B83 /* Build configuration list for PBXProject "chatting3" */ = {
			isa = XCConfigurationList;
			buildConfigurations = (
				E824B86926B52833008B8B83 /* Debug */,
				E824B86A26B52833008B8B83 /* Release */,
			);
			defaultConfigurationIsVisible = 0;
			defaultConfigurationName = Release;
		};
		E824B86B26B52833008B8B83 /* Build configuration list for PBXNativeTarget "chatting3" */ = {
			isa = XCConfigurationList;
			buildConfigurations = (
				E824B86C26B52833008B8B83 /* Debug */,
				E824B86D26B52833008B8B83 /* Release */,
			);
			defaultConfigurationIsVisible = 0;
			defaultConfigurationName = Release;
		};
/* End XCConfigurationList section */

/* Begin XCRemoteSwiftPackageReference section */
		E824B8A826B53B67008B8B83 /* XCRemoteSwiftPackageReference "firebase-ios-sdk" */ = {
			isa = XCRemoteSwiftPackageReference;
			repositoryURL = "https://github.com/firebase/firebase-ios-sdk.git";
			requirement = {
				kind = upToNextMajorVersion;
				minimumVersion = 8.4.0;
			};
		};
/* End XCRemoteSwiftPackageReference section */

/* Begin XCSwiftPackageProductDependency section */
		E824B8A926B53B67008B8B83 /* FirebaseAppDistribution-Beta */ = {
			isa = XCSwiftPackageProductDependency;
			package = E824B8A826B53B67008B8B83 /* XCRemoteSwiftPackageReference "firebase-ios-sdk" */;
			productName = "FirebaseAppDistribution-Beta";
		};
		E824B8AB26B53B67008B8B83 /* FirebaseInAppMessaging-Beta */ = {
			isa = XCSwiftPackageProductDependency;
			package = E824B8A826B53B67008B8B83 /* XCRemoteSwiftPackageReference "firebase-ios-sdk" */;
			productName = "FirebaseInAppMessaging-Beta";
		};
		E824B8AD26B53B67008B8B83 /* FirebaseAnalyticsSwift-Beta */ = {
			isa = XCSwiftPackageProductDependency;
			package = E824B8A826B53B67008B8B83 /* XCRemoteSwiftPackageReference "firebase-ios-sdk" */;
			productName = "FirebaseAnalyticsSwift-Beta";
		};
		E824B8AF26B53B67008B8B83 /* FirebaseAnalyticsWithoutAdIdSupport */ = {
			isa = XCSwiftPackageProductDependency;
			package = E824B8A826B53B67008B8B83 /* XCRemoteSwiftPackageReference "firebase-ios-sdk" */;
			productName = FirebaseAnalyticsWithoutAdIdSupport;
		};
		E824B8B126B53B67008B8B83 /* FirebaseFirestore */ = {
			isa = XCSwiftPackageProductDependency;
			package = E824B8A826B53B67008B8B83 /* XCRemoteSwiftPackageReference "firebase-ios-sdk" */;
			productName = FirebaseFirestore;
		};
		E824B8B326B53B67008B8B83 /* FirebaseInstallations */ = {
			isa = XCSwiftPackageProductDependency;
			package = E824B8A826B53B67008B8B83 /* XCRemoteSwiftPackageReference "firebase-ios-sdk" */;
			productName = FirebaseInstallations;
		};
		E824B8B526B53B67008B8B83 /* FirebaseDatabase */ = {
			isa = XCSwiftPackageProductDependency;
			package = E824B8A826B53B67008B8B83 /* XCRemoteSwiftPackageReference "firebase-ios-sdk" */;
			productName = FirebaseDatabase;
		};
		E824B8B726B53B67008B8B83 /* FirebaseFirestoreSwift-Beta */ = {
			isa = XCSwiftPackageProductDependency;
			package = E824B8A826B53B67008B8B83 /* XCRemoteSwiftPackageReference "firebase-ios-sdk" */;
			productName = "FirebaseFirestoreSwift-Beta";
		};
		E824B8B926B53B67008B8B83 /* FirebaseAnalytics */ = {
			isa = XCSwiftPackageProductDependency;
			package = E824B8A826B53B67008B8B83 /* XCRemoteSwiftPackageReference "firebase-ios-sdk" */;
			productName = FirebaseAnalytics;
		};
		E824B8BB26B53B67008B8B83 /* FirebaseRemoteConfig */ = {
			isa = XCSwiftPackageProductDependency;
			package = E824B8A826B53B67008B8B83 /* XCRemoteSwiftPackageReference "firebase-ios-sdk" */;
			productName = FirebaseRemoteConfig;
		};
		E824B8BD26B53B67008B8B83 /* FirebaseAppCheck */ = {
			isa = XCSwiftPackageProductDependency;
			package = E824B8A826B53B67008B8B83 /* XCRemoteSwiftPackageReference "firebase-ios-sdk" */;
			productName = FirebaseAppCheck;
		};
		E824B8BF26B53B67008B8B83 /* FirebaseStorageSwift-Beta */ = {
			isa = XCSwiftPackageProductDependency;
			package = E824B8A826B53B67008B8B83 /* XCRemoteSwiftPackageReference "firebase-ios-sdk" */;
			productName = "FirebaseStorageSwift-Beta";
		};
		E824B8C126B53B67008B8B83 /* FirebaseAuth */ = {
			isa = XCSwiftPackageProductDependency;
			package = E824B8A826B53B67008B8B83 /* XCRemoteSwiftPackageReference "firebase-ios-sdk" */;
			productName = FirebaseAuth;
		};
		E824B8C326B53B67008B8B83 /* FirebaseInAppMessagingSwift-Beta */ = {
			isa = XCSwiftPackageProductDependency;
			package = E824B8A826B53B67008B8B83 /* XCRemoteSwiftPackageReference "firebase-ios-sdk" */;
			productName = "FirebaseInAppMessagingSwift-Beta";
		};
		E824B8C526B53B67008B8B83 /* FirebaseDatabaseSwift-Beta */ = {
			isa = XCSwiftPackageProductDependency;
			package = E824B8A826B53B67008B8B83 /* XCRemoteSwiftPackageReference "firebase-ios-sdk" */;
			productName = "FirebaseDatabaseSwift-Beta";
		};
		E824B8C726B53B67008B8B83 /* FirebaseMLModelDownloader */ = {
			isa = XCSwiftPackageProductDependency;
			package = E824B8A826B53B67008B8B83 /* XCRemoteSwiftPackageReference "firebase-ios-sdk" */;
			productName = FirebaseMLModelDownloader;
		};
		E824B8C926B53B67008B8B83 /* FirebaseMessaging */ = {
			isa = XCSwiftPackageProductDependency;
			package = E824B8A826B53B67008B8B83 /* XCRemoteSwiftPackageReference "firebase-ios-sdk" */;
			productName = FirebaseMessaging;
		};
		E824B8CB26B53B67008B8B83 /* FirebaseCrashlytics */ = {
			isa = XCSwiftPackageProductDependency;
			package = E824B8A826B53B67008B8B83 /* XCRemoteSwiftPackageReference "firebase-ios-sdk" */;
			productName = FirebaseCrashlytics;
		};
		E824B8CD26B53B67008B8B83 /* FirebaseStorage */ = {
			isa = XCSwiftPackageProductDependency;
			package = E824B8A826B53B67008B8B83 /* XCRemoteSwiftPackageReference "firebase-ios-sdk" */;
			productName = FirebaseStorage;
		};
		E824B8CF26B53B67008B8B83 /* FirebaseDynamicLinks */ = {
			isa = XCSwiftPackageProductDependency;
			package = E824B8A826B53B67008B8B83 /* XCRemoteSwiftPackageReference "firebase-ios-sdk" */;
			productName = FirebaseDynamicLinks;
		};
		E824B8D126B53B67008B8B83 /* FirebaseFunctions */ = {
			isa = XCSwiftPackageProductDependency;
			package = E824B8A826B53B67008B8B83 /* XCRemoteSwiftPackageReference "firebase-ios-sdk" */;
			productName = FirebaseFunctions;
		};
/* End XCSwiftPackageProductDependency section */
	};
	rootObject = E824B85426B52831008B8B83 /* Project object */;
}
